// !$*UTF8*$!
{
	archiveVersion = 1;
	classes = {
	};
	objectVersion = 56;
	objects = {

/* Begin PBXBuildFile section */
		5EF2AF222ADC725900511B5B /* NavigationBarApp.swift in Sources */ = {isa = PBXBuildFile; fileRef = 5EF2AF212ADC725900511B5B /* NavigationBarApp.swift */; };
		5EF2AF242ADC725900511B5B /* ContentView.swift in Sources */ = {isa = PBXBuildFile; fileRef = 5EF2AF232ADC725900511B5B /* ContentView.swift */; };
		5EF2AF262ADC725B00511B5B /* Assets.xcassets in Resources */ = {isa = PBXBuildFile; fileRef = 5EF2AF252ADC725B00511B5B /* Assets.xcassets */; };
		5EF2AF292ADC725B00511B5B /* Preview Assets.xcassets in Resources */ = {isa = PBXBuildFile; fileRef = 5EF2AF282ADC725B00511B5B /* Preview Assets.xcassets */; };
		5EF2AF332ADC725B00511B5B /* NavigationBarTests.swift in Sources */ = {isa = PBXBuildFile; fileRef = 5EF2AF322ADC725B00511B5B /* NavigationBarTests.swift */; };
		5EF2AF3D2ADC725B00511B5B /* NavigationBarUITests.swift in Sources */ = {isa = PBXBuildFile; fileRef = 5EF2AF3C2ADC725B00511B5B /* NavigationBarUITests.swift */; };
		5EF2AF3F2ADC725B00511B5B /* NavigationBarUITestsLaunchTests.swift in Sources */ = {isa = PBXBuildFile; fileRef = 5EF2AF3E2ADC725B00511B5B /* NavigationBarUITestsLaunchTests.swift */; };
/* End PBXBuildFile section */

/* Begin PBXContainerItemProxy section */
		5EF2AF2F2ADC725B00511B5B /* PBXContainerItemProxy */ = {
			isa = PBXContainerItemProxy;
			containerPortal = 5EF2AF162ADC725900511B5B /* Project object */;
			proxyType = 1;
			remoteGlobalIDString = 5EF2AF1D2ADC725900511B5B;
			remoteInfo = NavigationBar;
		};
		5EF2AF392ADC725B00511B5B /* PBXContainerItemProxy */ = {
			isa = PBXContainerItemProxy;
			containerPortal = 5EF2AF162ADC725900511B5B /* Project object */;
			proxyType = 1;
			remoteGlobalIDString = 5EF2AF1D2ADC725900511B5B;
			remoteInfo = NavigationBar;
		};
/* End PBXContainerItemProxy section */

/* Begin PBXFileReference section */
		5EF2AF1E2ADC725900511B5B /* NavigationBar.app */ = {isa = PBXFileReference; explicitFileType = wrapper.application; includeInIndex = 0; path = NavigationBar.app; sourceTree = BUILT_PRODUCTS_DIR; };
		5EF2AF212ADC725900511B5B /* NavigationBarApp.swift */ = {isa = PBXFileReference; lastKnownFileType = sourcecode.swift; path = NavigationBarApp.swift; sourceTree = "<group>"; };
		5EF2AF232ADC725900511B5B /* ContentView.swift */ = {isa = PBXFileReference; lastKnownFileType = sourcecode.swift; path = ContentView.swift; sourceTree = "<group>"; };
		5EF2AF252ADC725B00511B5B /* Assets.xcassets */ = {isa = PBXFileReference; lastKnownFileType = folder.assetcatalog; path = Assets.xcassets; sourceTree = "<group>"; };
		5EF2AF282ADC725B00511B5B /* Preview Assets.xcassets */ = {isa = PBXFileReference; lastKnownFileType = folder.assetcatalog; path = "Preview Assets.xcassets"; sourceTree = "<group>"; };
		5EF2AF2E2ADC725B00511B5B /* NavigationBarTests.xctest */ = {isa = PBXFileReference; explicitFileType = wrapper.cfbundle; includeInIndex = 0; path = NavigationBarTests.xctest; sourceTree = BUILT_PRODUCTS_DIR; };
		5EF2AF322ADC725B00511B5B /* NavigationBarTests.swift */ = {isa = PBXFileReference; lastKnownFileType = sourcecode.swift; path = NavigationBarTests.swift; sourceTree = "<group>"; };
		5EF2AF382ADC725B00511B5B /* NavigationBarUITests.xctest */ = {isa = PBXFileReference; explicitFileType = wrapper.cfbundle; includeInIndex = 0; path = NavigationBarUITests.xctest; sourceTree = BUILT_PRODUCTS_DIR; };
		5EF2AF3C2ADC725B00511B5B /* NavigationBarUITests.swift */ = {isa = PBXFileReference; lastKnownFileType = sourcecode.swift; path = NavigationBarUITests.swift; sourceTree = "<group>"; };
		5EF2AF3E2ADC725B00511B5B /* NavigationBarUITestsLaunchTests.swift */ = {isa = PBXFileReference; lastKnownFileType = sourcecode.swift; path = NavigationBarUITestsLaunchTests.swift; sourceTree = "<group>"; };
/* End PBXFileReference section */

/* Begin PBXFrameworksBuildPhase section */
		5EF2AF1B2ADC725900511B5B /* Frameworks */ = {
			isa = PBXFrameworksBuildPhase;
			buildActionMask = 2147483647;
			files = (
			);
			runOnlyForDeploymentPostprocessing = 0;
		};
		5EF2AF2B2ADC725B00511B5B /* Frameworks */ = {
			isa = PBXFrameworksBuildPhase;
			buildActionMask = 2147483647;
			files = (
			);
			runOnlyForDeploymentPostprocessing = 0;
		};
		5EF2AF352ADC725B00511B5B /* Frameworks */ = {
			isa = PBXFrameworksBuildPhase;
			buildActionMask = 2147483647;
			files = (
			);
			runOnlyForDeploymentPostprocessing = 0;
		};
/* End PBXFrameworksBuildPhase section */

/* Begin PBXGroup section */
		5EF2AF152ADC725900511B5B = {
			isa = PBXGroup;
			children = (
				5EF2AF202ADC725900511B5B /* NavigationBar */,
				5EF2AF312ADC725B00511B5B /* NavigationBarTests */,
				5EF2AF3B2ADC725B00511B5B /* NavigationBarUITests */,
				5EF2AF1F2ADC725900511B5B /* Products */,
			);
			sourceTree = "<group>";
		};
		5EF2AF1F2ADC725900511B5B /* Products */ = {
			isa = PBXGroup;
			children = (
				5EF2AF1E2ADC725900511B5B /* NavigationBar.app */,
				5EF2AF2E2ADC725B00511B5B /* NavigationBarTests.xctest */,
				5EF2AF382ADC725B00511B5B /* NavigationBarUITests.xctest */,
			);
			name = Products;
			sourceTree = "<group>";
		};
		5EF2AF202ADC725900511B5B /* NavigationBar */ = {
			isa = PBXGroup;
			children = (
				5EF2AF212ADC725900511B5B /* NavigationBarApp.swift */,
				5EF2AF232ADC725900511B5B /* ContentView.swift */,
				5EF2AF252ADC725B00511B5B /* Assets.xcassets */,
				5EF2AF272ADC725B00511B5B /* Preview Content */,
			);
			path = NavigationBar;
			sourceTree = "<group>";
		};
		5EF2AF272ADC725B00511B5B /* Preview Content */ = {
			isa = PBXGroup;
			children = (
				5EF2AF282ADC725B00511B5B /* Preview Assets.xcassets */,
			);
			path = "Preview Content";
			sourceTree = "<group>";
		};
		5EF2AF312ADC725B00511B5B /* NavigationBarTests */ = {
			isa = PBXGroup;
			children = (
				5EF2AF322ADC725B00511B5B /* NavigationBarTests.swift */,
			);
			path = NavigationBarTests;
			sourceTree = "<group>";
		};
		5EF2AF3B2ADC725B00511B5B /* NavigationBarUITests */ = {
			isa = PBXGroup;
			children = (
				5EF2AF3C2ADC725B00511B5B /* NavigationBarUITests.swift */,
				5EF2AF3E2ADC725B00511B5B /* NavigationBarUITestsLaunchTests.swift */,
			);
			path = NavigationBarUITests;
			sourceTree = "<group>";
		};
/* End PBXGroup section */

/* Begin PBXNativeTarget section */
		5EF2AF1D2ADC725900511B5B /* NavigationBar */ = {
			isa = PBXNativeTarget;
			buildConfigurationList = 5EF2AF422ADC725B00511B5B /* Build configuration list for PBXNativeTarget "NavigationBar" */;
			buildPhases = (
				5EF2AF1A2ADC725900511B5B /* Sources */,
				5EF2AF1B2ADC725900511B5B /* Frameworks */,
				5EF2AF1C2ADC725900511B5B /* Resources */,
			);
			buildRules = (
			);
			dependencies = (
			);
			name = NavigationBar;
			productName = NavigationBar;
			productReference = 5EF2AF1E2ADC725900511B5B /* NavigationBar.app */;
			productType = "com.apple.product-type.application";
		};
		5EF2AF2D2ADC725B00511B5B /* NavigationBarTests */ = {
			isa = PBXNativeTarget;
			buildConfigurationList = 5EF2AF452ADC725B00511B5B /* Build configuration list for PBXNativeTarget "NavigationBarTests" */;
			buildPhases = (
				5EF2AF2A2ADC725B00511B5B /* Sources */,
				5EF2AF2B2ADC725B00511B5B /* Frameworks */,
				5EF2AF2C2ADC725B00511B5B /* Resources */,
			);
			buildRules = (
			);
			dependencies = (
				5EF2AF302ADC725B00511B5B /* PBXTargetDependency */,
			);
			name = NavigationBarTests;
			productName = NavigationBarTests;
			productReference = 5EF2AF2E2ADC725B00511B5B /* NavigationBarTests.xctest */;
			productType = "com.apple.product-type.bundle.unit-test";
		};
		5EF2AF372ADC725B00511B5B /* NavigationBarUITests */ = {
			isa = PBXNativeTarget;
			buildConfigurationList = 5EF2AF482ADC725B00511B5B /* Build configuration list for PBXNativeTarget "NavigationBarUITests" */;
			buildPhases = (
				5EF2AF342ADC725B00511B5B /* Sources */,
				5EF2AF352ADC725B00511B5B /* Frameworks */,
				5EF2AF362ADC725B00511B5B /* Resources */,
			);
			buildRules = (
			);
			dependencies = (
				5EF2AF3A2ADC725B00511B5B /* PBXTargetDependency */,
			);
			name = NavigationBarUITests;
			productName = NavigationBarUITests;
			productReference = 5EF2AF382ADC725B00511B5B /* NavigationBarUITests.xctest */;
			productType = "com.apple.product-type.bundle.ui-testing";
		};
/* End PBXNativeTarget section */

/* Begin PBXProject section */
		5EF2AF162ADC725900511B5B /* Project object */ = {
			isa = PBXProject;
			attributes = {
				BuildIndependentTargetsInParallel = 1;
				LastSwiftUpdateCheck = 1500;
				LastUpgradeCheck = 1500;
				TargetAttributes = {
					5EF2AF1D2ADC725900511B5B = {
						CreatedOnToolsVersion = 15.0;
					};
					5EF2AF2D2ADC725B00511B5B = {
						CreatedOnToolsVersion = 15.0;
						TestTargetID = 5EF2AF1D2ADC725900511B5B;
					};
					5EF2AF372ADC725B00511B5B = {
						CreatedOnToolsVersion = 15.0;
						TestTargetID = 5EF2AF1D2ADC725900511B5B;
					};
				};
			};
			buildConfigurationList = 5EF2AF192ADC725900511B5B /* Build configuration list for PBXProject "NavigationBar" */;
			compatibilityVersion = "Xcode 14.0";
			developmentRegion = en;
			hasScannedForEncodings = 0;
			knownRegions = (
				en,
				Base,
			);
			mainGroup = 5EF2AF152ADC725900511B5B;
			productRefGroup = 5EF2AF1F2ADC725900511B5B /* Products */;
			projectDirPath = "";
			projectRoot = "";
			targets = (
				5EF2AF1D2ADC725900511B5B /* NavigationBar */,
				5EF2AF2D2ADC725B00511B5B /* NavigationBarTests */,
				5EF2AF372ADC725B00511B5B /* NavigationBarUITests */,
			);
		};
/* End PBXProject section */

/* Begin PBXResourcesBuildPhase section */
		5EF2AF1C2ADC725900511B5B /* Resources */ = {
			isa = PBXResourcesBuildPhase;
			buildActionMask = 2147483647;
			files = (
				5EF2AF292ADC725B00511B5B /* Preview Assets.xcassets in Resources */,
				5EF2AF262ADC725B00511B5B /* Assets.xcassets in Resources */,
			);
			runOnlyForDeploymentPostprocessing = 0;
		};
		5EF2AF2C2ADC725B00511B5B /* Resources */ = {
			isa = PBXResourcesBuildPhase;
			buildActionMask = 2147483647;
			files = (
			);
			runOnlyForDeploymentPostprocessing = 0;
		};
		5EF2AF362ADC725B00511B5B /* Resources */ = {
			isa = PBXResourcesBuildPhase;
			buildActionMask = 2147483647;
			files = (
			);
			runOnlyForDeploymentPostprocessing = 0;
		};
/* End PBXResourcesBuildPhase section */

/* Begin PBXSourcesBuildPhase section */
		5EF2AF1A2ADC725900511B5B /* Sources */ = {
			isa = PBXSourcesBuildPhase;
			buildActionMask = 2147483647;
			files = (
				5EF2AF242ADC725900511B5B /* ContentView.swift in Sources */,
				5EF2AF222ADC725900511B5B /* NavigationBarApp.swift in Sources */,
			);
			runOnlyForDeploymentPostprocessing = 0;
		};
		5EF2AF2A2ADC725B00511B5B /* Sources */ = {
			isa = PBXSourcesBuildPhase;
			buildActionMask = 2147483647;
			files = (
				5EF2AF332ADC725B00511B5B /* NavigationBarTests.swift in Sources */,
			);
			runOnlyForDeploymentPostprocessing = 0;
		};
		5EF2AF342ADC725B00511B5B /* Sources */ = {
			isa = PBXSourcesBuildPhase;
			buildActionMask = 2147483647;
			files = (
				5EF2AF3F2ADC725B00511B5B /* NavigationBarUITestsLaunchTests.swift in Sources */,
				5EF2AF3D2ADC725B00511B5B /* NavigationBarUITests.swift in Sources */,
			);
			runOnlyForDeploymentPostprocessing = 0;
		};
/* End PBXSourcesBuildPhase section */

/* Begin PBXTargetDependency section */
		5EF2AF302ADC725B00511B5B /* PBXTargetDependency */ = {
			isa = PBXTargetDependency;
			target = 5EF2AF1D2ADC725900511B5B /* NavigationBar */;
			targetProxy = 5EF2AF2F2ADC725B00511B5B /* PBXContainerItemProxy */;
		};
		5EF2AF3A2ADC725B00511B5B /* PBXTargetDependency */ = {
			isa = PBXTargetDependency;
			target = 5EF2AF1D2ADC725900511B5B /* NavigationBar */;
			targetProxy = 5EF2AF392ADC725B00511B5B /* PBXContainerItemProxy */;
		};
/* End PBXTargetDependency section */

/* Begin XCBuildConfiguration section */
		5EF2AF402ADC725B00511B5B /* Debug */ = {
			isa = XCBuildConfiguration;
			buildSettings = {
				ALWAYS_SEARCH_USER_PATHS = NO;
				ASSETCATALOG_COMPILER_GENERATE_SWIFT_ASSET_SYMBOL_EXTENSIONS = YES;
				CLANG_ANALYZER_NONNULL = YES;
				CLANG_ANALYZER_NUMBER_OBJECT_CONVERSION = YES_AGGRESSIVE;
				CLANG_CXX_LANGUAGE_STANDARD = "gnu++20";
				CLANG_ENABLE_MODULES = YES;
				CLANG_ENABLE_OBJC_ARC = YES;
				CLANG_ENABLE_OBJC_WEAK = YES;
				CLANG_WARN_BLOCK_CAPTURE_AUTORELEASING = YES;
				CLANG_WARN_BOOL_CONVERSION = YES;
				CLANG_WARN_COMMA = YES;
				CLANG_WARN_CONSTANT_CONVERSION = YES;
				CLANG_WARN_DEPRECATED_OBJC_IMPLEMENTATIONS = YES;
				CLANG_WARN_DIRECT_OBJC_ISA_USAGE = YES_ERROR;
				CLANG_WARN_DOCUMENTATION_COMMENTS = YES;
				CLANG_WARN_EMPTY_BODY = YES;
				CLANG_WARN_ENUM_CONVERSION = YES;
				CLANG_WARN_INFINITE_RECURSION = YES;
				CLANG_WARN_INT_CONVERSION = YES;
				CLANG_WARN_NON_LITERAL_NULL_CONVERSION = YES;
				CLANG_WARN_OBJC_IMPLICIT_RETAIN_SELF = YES;
				CLANG_WARN_OBJC_LITERAL_CONVERSION = YES;
				CLANG_WARN_OBJC_ROOT_CLASS = YES_ERROR;
				CLANG_WARN_QUOTED_INCLUDE_IN_FRAMEWORK_HEADER = YES;
				CLANG_WARN_RANGE_LOOP_ANALYSIS = YES;
				CLANG_WARN_STRICT_PROTOTYPES = YES;
				CLANG_WARN_SUSPICIOUS_MOVE = YES;
				CLANG_WARN_UNGUARDED_AVAILABILITY = YES_AGGRESSIVE;
				CLANG_WARN_UNREACHABLE_CODE = YES;
				CLANG_WARN__DUPLICATE_METHOD_MATCH = YES;
				COPY_PHASE_STRIP = NO;
				DEBUG_INFORMATION_FORMAT = dwarf;
				ENABLE_STRICT_OBJC_MSGSEND = YES;
				ENABLE_TESTABILITY = YES;
				ENABLE_USER_SCRIPT_SANDBOXING = YES;
				GCC_C_LANGUAGE_STANDARD = gnu17;
				GCC_DYNAMIC_NO_PIC = NO;
				GCC_NO_COMMON_BLOCKS = YES;
				GCC_OPTIMIZATION_LEVEL = 0;
				GCC_PREPROCESSOR_DEFINITIONS = (
					"DEBUG=1",
					"$(inherited)",
				);
				GCC_WARN_64_TO_32_BIT_CONVERSION = YES;
				GCC_WARN_ABOUT_RETURN_TYPE = YES_ERROR;
				GCC_WARN_UNDECLARED_SELECTOR = YES;
				GCC_WARN_UNINITIALIZED_AUTOS = YES_AGGRESSIVE;
				GCC_WARN_UNUSED_FUNCTION = YES;
				GCC_WARN_UNUSED_VARIABLE = YES;
				IPHONEOS_DEPLOYMENT_TARGET = 17.0;
				LOCALIZATION_PREFERS_STRING_CATALOGS = YES;
				MTL_ENABLE_DEBUG_INFO = INCLUDE_SOURCE;
				MTL_FAST_MATH = YES;
				ONLY_ACTIVE_ARCH = YES;
				SDKROOT = iphoneos;
				SWIFT_ACTIVE_COMPILATION_CONDITIONS = "DEBUG $(inherited)";
				SWIFT_OPTIMIZATION_LEVEL = "-Onone";
			};
			name = Debug;
		};
		5EF2AF412ADC725B00511B5B /* Release */ = {
			isa = XCBuildConfiguration;
			buildSettings = {
				ALWAYS_SEARCH_USER_PATHS = NO;
				ASSETCATALOG_COMPILER_GENERATE_SWIFT_ASSET_SYMBOL_EXTENSIONS = YES;
				CLANG_ANALYZER_NONNULL = YES;
				CLANG_ANALYZER_NUMBER_OBJECT_CONVERSION = YES_AGGRESSIVE;
				CLANG_CXX_LANGUAGE_STANDARD = "gnu++20";
				CLANG_ENABLE_MODULES = YES;
				CLANG_ENABLE_OBJC_ARC = YES;
				CLANG_ENABLE_OBJC_WEAK = YES;
				CLANG_WARN_BLOCK_CAPTURE_AUTORELEASING = YES;
				CLANG_WARN_BOOL_CONVERSION = YES;
				CLANG_WARN_COMMA = YES;
				CLANG_WARN_CONSTANT_CONVERSION = YES;
				CLANG_WARN_DEPRECATED_OBJC_IMPLEMENTATIONS = YES;
				CLANG_WARN_DIRECT_OBJC_ISA_USAGE = YES_ERROR;
				CLANG_WARN_DOCUMENTATION_COMMENTS = YES;
				CLANG_WARN_EMPTY_BODY = YES;
				CLANG_WARN_ENUM_CONVERSION = YES;
				CLANG_WARN_INFINITE_RECURSION = YES;
				CLANG_WARN_INT_CONVERSION = YES;
				CLANG_WARN_NON_LITERAL_NULL_CONVERSION = YES;
				CLANG_WARN_OBJC_IMPLICIT_RETAIN_SELF = YES;
				CLANG_WARN_OBJC_LITERAL_CONVERSION = YES;
				CLANG_WARN_OBJC_ROOT_CLASS = YES_ERROR;
				CLANG_WARN_QUOTED_INCLUDE_IN_FRAMEWORK_HEADER = YES;
				CLANG_WARN_RANGE_LOOP_ANALYSIS = YES;
				CLANG_WARN_STRICT_PROTOTYPES = YES;
				CLANG_WARN_SUSPICIOUS_MOVE = YES;
				CLANG_WARN_UNGUARDED_AVAILABILITY = YES_AGGRESSIVE;
				CLANG_WARN_UNREACHABLE_CODE = YES;
				CLANG_WARN__DUPLICATE_METHOD_MATCH = YES;
				COPY_PHASE_STRIP = NO;
				DEBUG_INFORMATION_FORMAT = "dwarf-with-dsym";
				ENABLE_NS_ASSERTIONS = NO;
				ENABLE_STRICT_OBJC_MSGSEND = YES;
				ENABLE_USER_SCRIPT_SANDBOXING = YES;
				GCC_C_LANGUAGE_STANDARD = gnu17;
				GCC_NO_COMMON_BLOCKS = YES;
				GCC_WARN_64_TO_32_BIT_CONVERSION = YES;
				GCC_WARN_ABOUT_RETURN_TYPE = YES_ERROR;
				GCC_WARN_UNDECLARED_SELECTOR = YES;
				GCC_WARN_UNINITIALIZED_AUTOS = YES_AGGRESSIVE;
				GCC_WARN_UNUSED_FUNCTION = YES;
				GCC_WARN_UNUSED_VARIABLE = YES;
				IPHONEOS_DEPLOYMENT_TARGET = 17.0;
				LOCALIZATION_PREFERS_STRING_CATALOGS = YES;
				MTL_ENABLE_DEBUG_INFO = NO;
				MTL_FAST_MATH = YES;
				SDKROOT = iphoneos;
				SWIFT_COMPILATION_MODE = wholemodule;
				VALIDATE_PRODUCT = YES;
			};
			name = Release;
		};
		5EF2AF432ADC725B00511B5B /* Debug */ = {
			isa = XCBuildConfiguration;
			buildSettings = {
				ASSETCATALOG_COMPILER_APPICON_NAME = AppIcon;
				ASSETCATALOG_COMPILER_GLOBAL_ACCENT_COLOR_NAME = AccentColor;
				CODE_SIGN_STYLE = Automatic;
				CURRENT_PROJECT_VERSION = 1;
				DEVELOPMENT_ASSET_PATHS = "\"NavigationBar/Preview Content\"";
				ENABLE_PREVIEWS = YES;
				GENERATE_INFOPLIST_FILE = YES;
				INFOPLIST_KEY_UIApplicationSceneManifest_Generation = YES;
				INFOPLIST_KEY_UIApplicationSupportsIndirectInputEvents = YES;
				INFOPLIST_KEY_UILaunchScreen_Generation = YES;
				INFOPLIST_KEY_UISupportedInterfaceOrientations_iPad = "UIInterfaceOrientationPortrait UIInterfaceOrientationPortraitUpsideDown UIInterfaceOrientationLandscapeLeft UIInterfaceOrientationLandscapeRight";
				INFOPLIST_KEY_UISupportedInterfaceOrientations_iPhone = "UIInterfaceOrientationPortrait UIInterfaceOrientationLandscapeLeft UIInterfaceOrientationLandscapeRight";
				LD_RUNPATH_SEARCH_PATHS = (
					"$(inherited)",
					"@executable_path/Frameworks",
				);
				MARKETING_VERSION = 1.0;
				PRODUCT_BUNDLE_IDENTIFIER = foi.NavigationBar;
				PRODUCT_NAME = "$(TARGET_NAME)";
				SWIFT_EMIT_LOC_STRINGS = YES;
				SWIFT_VERSION = 5.0;
				TARGETED_DEVICE_FAMILY = "1,2";
			};
			name = Debug;
		};
		5EF2AF442ADC725B00511B5B /* Release */ = {
			isa = XCBuildConfiguration;
			buildSettings = {
				ASSETCATALOG_COMPILER_APPICON_NAME = AppIcon;
				ASSETCATALOG_COMPILER_GLOBAL_ACCENT_COLOR_NAME = AccentColor;
				CODE_SIGN_STYLE = Automatic;
				CURRENT_PROJECT_VERSION = 1;
				DEVELOPMENT_ASSET_PATHS = "\"NavigationBar/Preview Content\"";
				ENABLE_PREVIEWS = YES;
				GENERATE_INFOPLIST_FILE = YES;
				INFOPLIST_KEY_UIApplicationSceneManifest_Generation = YES;
				INFOPLIST_KEY_UIApplicationSupportsIndirectInputEvents = YES;
				INFOPLIST_KEY_UILaunchScreen_Generation = YES;
				INFOPLIST_KEY_UISupportedInterfaceOrientations_iPad = "UIInterfaceOrientationPortrait UIInterfaceOrientationPortraitUpsideDown UIInterfaceOrientationLandscapeLeft UIInterfaceOrientationLandscapeRight";
				INFOPLIST_KEY_UISupportedInterfaceOrientations_iPhone = "UIInterfaceOrientationPortrait UIInterfaceOrientationLandscapeLeft UIInterfaceOrientationLandscapeRight";
				LD_RUNPATH_SEARCH_PATHS = (
					"$(inherited)",
					"@executable_path/Frameworks",
				);
				MARKETING_VERSION = 1.0;
				PRODUCT_BUNDLE_IDENTIFIER = foi.NavigationBar;
				PRODUCT_NAME = "$(TARGET_NAME)";
				SWIFT_EMIT_LOC_STRINGS = YES;
				SWIFT_VERSION = 5.0;
				TARGETED_DEVICE_FAMILY = "1,2";
			};
			name = Release;
		};
		5EF2AF462ADC725B00511B5B /* Debug */ = {
			isa = XCBuildConfiguration;
			buildSettings = {
				ALWAYS_EMBED_SWIFT_STANDARD_LIBRARIES = YES;
				BUNDLE_LOADER = "$(TEST_HOST)";
				CODE_SIGN_STYLE = Automatic;
				CURRENT_PROJECT_VERSION = 1;
				GENERATE_INFOPLIST_FILE = YES;
				IPHONEOS_DEPLOYMENT_TARGET = 17.0;
				MARKETING_VERSION = 1.0;
				PRODUCT_BUNDLE_IDENTIFIER = foi.NavigationBarTests;
				PRODUCT_NAME = "$(TARGET_NAME)";
				SWIFT_EMIT_LOC_STRINGS = NO;
				SWIFT_VERSION = 5.0;
				TARGETED_DEVICE_FAMILY = "1,2";
				TEST_HOST = "$(BUILT_PRODUCTS_DIR)/NavigationBar.app/$(BUNDLE_EXECUTABLE_FOLDER_PATH)/NavigationBar";
			};
			name = Debug;
		};
		5EF2AF472ADC725B00511B5B /* Release */ = {
			isa = XCBuildConfiguration;
			buildSettings = {
				ALWAYS_EMBED_SWIFT_STANDARD_LIBRARIES = YES;
				BUNDLE_LOADER = "$(TEST_HOST)";
				CODE_SIGN_STYLE = Automatic;
				CURRENT_PROJECT_VERSION = 1;
				GENERATE_INFOPLIST_FILE = YES;
				IPHONEOS_DEPLOYMENT_TARGET = 17.0;
				MARKETING_VERSION = 1.0;
				PRODUCT_BUNDLE_IDENTIFIER = foi.NavigationBarTests;
				PRODUCT_NAME = "$(TARGET_NAME)";
				SWIFT_EMIT_LOC_STRINGS = NO;
				SWIFT_VERSION = 5.0;
				TARGETED_DEVICE_FAMILY = "1,2";
				TEST_HOST = "$(BUILT_PRODUCTS_DIR)/NavigationBar.app/$(BUNDLE_EXECUTABLE_FOLDER_PATH)/NavigationBar";
			};
			name = Release;
		};
		5EF2AF492ADC725B00511B5B /* Debug */ = {
			isa = XCBuildConfiguration;
			buildSettings = {
				ALWAYS_EMBED_SWIFT_STANDARD_LIBRARIES = YES;
				CODE_SIGN_STYLE = Automatic;
				CURRENT_PROJECT_VERSION = 1;
				GENERATE_INFOPLIST_FILE = YES;
				MARKETING_VERSION = 1.0;
				PRODUCT_BUNDLE_IDENTIFIER = foi.NavigationBarUITests;
				PRODUCT_NAME = "$(TARGET_NAME)";
				SWIFT_EMIT_LOC_STRINGS = NO;
				SWIFT_VERSION = 5.0;
				TARGETED_DEVICE_FAMILY = "1,2";
				TEST_TARGET_NAME = NavigationBar;
			};
			name = Debug;
		};
		5EF2AF4A2ADC725B00511B5B /* Release */ = {
			isa = XCBuildConfiguration;
			buildSettings = {
				ALWAYS_EMBED_SWIFT_STANDARD_LIBRARIES = YES;
				CODE_SIGN_STYLE = Automatic;
				CURRENT_PROJECT_VERSION = 1;
				GENERATE_INFOPLIST_FILE = YES;
				MARKETING_VERSION = 1.0;
				PRODUCT_BUNDLE_IDENTIFIER = foi.NavigationBarUITests;
				PRODUCT_NAME = "$(TARGET_NAME)";
				SWIFT_EMIT_LOC_STRINGS = NO;
				SWIFT_VERSION = 5.0;
				TARGETED_DEVICE_FAMILY = "1,2";
				TEST_TARGET_NAME = NavigationBar;
			};
			name = Release;
		};
/* End XCBuildConfiguration section */

/* Begin XCConfigurationList section */
		5EF2AF192ADC725900511B5B /* Build configuration list for PBXProject "NavigationBar" */ = {
			isa = XCConfigurationList;
			buildConfigurations = (
				5EF2AF402ADC725B00511B5B /* Debug */,
				5EF2AF412ADC725B00511B5B /* Release */,
			);
			defaultConfigurationIsVisible = 0;
			defaultConfigurationName = Release;
		};
		5EF2AF422ADC725B00511B5B /* Build configuration list for PBXNativeTarget "NavigationBar" */ = {
			isa = XCConfigurationList;
			buildConfigurations = (
				5EF2AF432ADC725B00511B5B /* Debug */,
				5EF2AF442ADC725B00511B5B /* Release */,
			);
			defaultConfigurationIsVisible = 0;
			defaultConfigurationName = Release;
		};
		5EF2AF452ADC725B00511B5B /* Build configuration list for PBXNativeTarget "NavigationBarTests" */ = {
			isa = XCConfigurationList;
			buildConfigurations = (
				5EF2AF462ADC725B00511B5B /* Debug */,
				5EF2AF472ADC725B00511B5B /* Release */,
			);
			defaultConfigurationIsVisible = 0;
			defaultConfigurationName = Release;
		};
		5EF2AF482ADC725B00511B5B /* Build configuration list for PBXNativeTarget "NavigationBarUITests" */ = {
			isa = XCConfigurationList;
			buildConfigurations = (
				5EF2AF492ADC725B00511B5B /* Debug */,
				5EF2AF4A2ADC725B00511B5B /* Release */,
			);
			defaultConfigurationIsVisible = 0;
			defaultConfigurationName = Release;
		};
/* End XCConfigurationList section */
	};
	rootObject = 5EF2AF162ADC725900511B5B /* Project object */;
}
